
Microsoft Visual Studio Solution File, Format Version 11.00
# Visual Studio 2010
Project("{FAE04EC0-301F-11D3-BF4B-00C04F79EFBC}") = "ParkgMVC", "ParkgMVC\ParkgMVC.csproj", "{9E789B22-EC3D-4BA1-9328-B38FD2755A49}"
EndProject
Project("{FAE04EC0-301F-11D3-BF4B-00C04F79EFBC}") = "ParkgMVC.Tests", "ParkgMVC.Tests\ParkgMVC.Tests.csproj", "{4DFAD624-23A0-4874-952E-E63D586E4E81}"
EndProject
Global
	GlobalSection(SolutionConfigurationPlatforms) = preSolution
		Debug|Any CPU = Debug|Any CPU
		Release|Any CPU = Release|Any CPU
	EndGlobalSection
	GlobalSection(ProjectConfigurationPlatforms) = postSolution
		{9E789B22-EC3D-4BA1-9328-B38FD2755A49}.Debug|Any CPU.ActiveCfg = Debug|Any CPU
		{9E789B22-EC3D-4BA1-9328-B38FD2755A49}.Debug|Any CPU.Build.0 = Debug|Any CPU
		{9E789B22-EC3D-4BA1-9328-B38FD2755A49}.Release|Any CPU.ActiveCfg = Release|Any CPU
		{9E789B22-EC3D-4BA1-9328-B38FD2755A49}.Release|Any CPU.Build.0 = Release|Any CPU
		{4DFAD624-23A0-4874-952E-E63D586E4E81}.Debug|Any CPU.ActiveCfg = Debug|Any CPU
		{4DFAD624-23A0-4874-952E-E63D586E4E81}.Debug|Any CPU.Build.0 = Debug|Any CPU
		{4DFAD624-23A0-4874-952E-E63D586E4E81}.Release|Any CPU.ActiveCfg = Release|Any CPU
		{4DFAD624-23A0-4874-952E-E63D586E4E81}.Release|Any CPU.Build.0 = Release|Any CPU
	EndGlobalSection
	GlobalSection(SolutionProperties) = preSolution
		HideSolutionNode = FALSE
	EndGlobalSection
EndGlobal
